
Microsoft Visual Studio Solution File, Format Version 12.00
# Visual Studio Version 17
VisualStudioVersion = 17.0.31912.275
MinimumVisualStudioVersion = 10.0.40219.1
Project("{FAE04EC0-301F-11D3-BF4B-00C04F79EFBC}") = "zad11", "zad11.csproj", "{D947C1DA-511F-4AAE-AD9B-A3A8EF57781A}"
EndProject
Global
	GlobalSection(SolutionConfigurationPlatforms) = preSolution
		Debug|Any CPU = Debug|Any CPU
		Release|Any CPU = Release|Any CPU
	EndGlobalSection
	GlobalSection(ProjectConfigurationPlatforms) = postSolution
		{D947C1DA-511F-4AAE-AD9B-A3A8EF57781A}.Debug|Any CPU.ActiveCfg = Debug|Any CPU
		{D947C1DA-511F-4AAE-AD9B-A3A8EF57781A}.Debug|Any CPU.Build.0 = Debug|Any CPU
		{D947C1DA-511F-4AAE-AD9B-A3A8EF57781A}.Release|Any CPU.ActiveCfg = Release|Any CPU
		{D947C1DA-511F-4AAE-AD9B-A3A8EF57781A}.Release|Any CPU.Build.0 = Release|Any CPU
	EndGlobalSection
	GlobalSection(SolutionProperties) = preSolution
		HideSolutionNode = FALSE
	EndGlobalSection
	GlobalSection(ExtensibilityGlobals) = postSolution
		SolutionGuid = {30E43AAB-A94F-484D-8A51-3ABB8B4D0955}
	EndGlobalSection
EndGlobal
